// !$*UTF8*$!
{
	archiveVersion = 1;
	classes = {
	};
	objectVersion = 56;
	objects = {

/* Begin PBXBuildFile section */
		518D23AA2A11893100550B4C /* StartWatchAppApp.swift in Sources */ = {isa = PBXBuildFile; fileRef = 518D23A92A11893100550B4C /* StartWatchAppApp.swift */; };
		518D23AC2A11893100550B4C /* ContentView.swift in Sources */ = {isa = PBXBuildFile; fileRef = 518D23AB2A11893100550B4C /* ContentView.swift */; };
		518D23AE2A11893200550B4C /* Assets.xcassets in Resources */ = {isa = PBXBuildFile; fileRef = 518D23AD2A11893200550B4C /* Assets.xcassets */; };
		518D23B12A11893200550B4C /* Preview Assets.xcassets in Resources */ = {isa = PBXBuildFile; fileRef = 518D23B02A11893200550B4C /* Preview Assets.xcassets */; };
		518D23B72A11893200550B4C /* StartWatchApp Watch App.app in Embed Watch Content */ = {isa = PBXBuildFile; fileRef = 518D23B62A11893200550B4C /* StartWatchApp Watch App.app */; settings = {ATTRIBUTES = (RemoveHeadersOnCopy, ); }; };
		518D23BC2A11893200550B4C /* StartWatchAppApp.swift in Sources */ = {isa = PBXBuildFile; fileRef = 518D23BB2A11893200550B4C /* StartWatchAppApp.swift */; };
		518D23BE2A11893200550B4C /* ContentView.swift in Sources */ = {isa = PBXBuildFile; fileRef = 518D23BD2A11893200550B4C /* ContentView.swift */; };
		518D23C02A11893400550B4C /* Assets.xcassets in Resources */ = {isa = PBXBuildFile; fileRef = 518D23BF2A11893400550B4C /* Assets.xcassets */; };
		518D23C32A11893400550B4C /* Preview Assets.xcassets in Resources */ = {isa = PBXBuildFile; fileRef = 518D23C22A11893400550B4C /* Preview Assets.xcassets */; };
/* End PBXBuildFile section */

/* Begin PBXContainerItemProxy section */
		518D23B82A11893200550B4C /* PBXContainerItemProxy */ = {
			isa = PBXContainerItemProxy;
			containerPortal = 518D239E2A11893000550B4C /* Project object */;
			proxyType = 1;
			remoteGlobalIDString = 518D23B52A11893200550B4C;
			remoteInfo = "StartWatchApp Watch App";
		};
/* End PBXContainerItemProxy section */

/* Begin PBXCopyFilesBuildPhase section */
		518D23C92A11893400550B4C /* Embed Watch Content */ = {
			isa = PBXCopyFilesBuildPhase;
			buildActionMask = 2147483647;
			dstPath = "$(CONTENTS_FOLDER_PATH)/Watch";
			dstSubfolderSpec = 16;
			files = (
				518D23B72A11893200550B4C /* StartWatchApp Watch App.app in Embed Watch Content */,
			);
			name = "Embed Watch Content";
			runOnlyForDeploymentPostprocessing = 0;
		};
/* End PBXCopyFilesBuildPhase section */

/* Begin PBXFileReference section */
		518D23A62A11893100550B4C /* StartWatchApp.app */ = {isa = PBXFileReference; explicitFileType = wrapper.application; includeInIndex = 0; path = StartWatchApp.app; sourceTree = BUILT_PRODUCTS_DIR; };
		518D23A92A11893100550B4C /* StartWatchAppApp.swift */ = {isa = PBXFileReference; lastKnownFileType = sourcecode.swift; path = StartWatchAppApp.swift; sourceTree = "<group>"; };
		518D23AB2A11893100550B4C /* ContentView.swift */ = {isa = PBXFileReference; lastKnownFileType = sourcecode.swift; path = ContentView.swift; sourceTree = "<group>"; };
		518D23AD2A11893200550B4C /* Assets.xcassets */ = {isa = PBXFileReference; lastKnownFileType = folder.assetcatalog; path = Assets.xcassets; sourceTree = "<group>"; };
		518D23B02A11893200550B4C /* Preview Assets.xcassets */ = {isa = PBXFileReference; lastKnownFileType = folder.assetcatalog; path = "Preview Assets.xcassets"; sourceTree = "<group>"; };
		518D23B62A11893200550B4C /* StartWatchApp Watch App.app */ = {isa = PBXFileReference; explicitFileType = wrapper.application; includeInIndex = 0; path = "StartWatchApp Watch App.app"; sourceTree = BUILT_PRODUCTS_DIR; };
		518D23BB2A11893200550B4C /* StartWatchAppApp.swift */ = {isa = PBXFileReference; lastKnownFileType = sourcecode.swift; path = StartWatchAppApp.swift; sourceTree = "<group>"; };
		518D23BD2A11893200550B4C /* ContentView.swift */ = {isa = PBXFileReference; lastKnownFileType = sourcecode.swift; path = ContentView.swift; sourceTree = "<group>"; };
		518D23BF2A11893400550B4C /* Assets.xcassets */ = {isa = PBXFileReference; lastKnownFileType = folder.assetcatalog; path = Assets.xcassets; sourceTree = "<group>"; };
		518D23C22A11893400550B4C /* Preview Assets.xcassets */ = {isa = PBXFileReference; lastKnownFileType = folder.assetcatalog; path = "Preview Assets.xcassets"; sourceTree = "<group>"; };
		518D23CD2A118A5C00550B4C /* StartWatchApp.entitlements */ = {isa = PBXFileReference; lastKnownFileType = text.plist.entitlements; path = StartWatchApp.entitlements; sourceTree = "<group>"; };
		518D23CE2A118A6300550B4C /* StartWatchApp Watch App.entitlements */ = {isa = PBXFileReference; lastKnownFileType = text.plist.entitlements; path = "StartWatchApp Watch App.entitlements"; sourceTree = "<group>"; };
		518D23CF2A118A6900550B4C /* StartWatchApp-Watch-App-Info.plist */ = {isa = PBXFileReference; lastKnownFileType = text.plist; path = "StartWatchApp-Watch-App-Info.plist"; sourceTree = SOURCE_ROOT; };
/* End PBXFileReference section */

/* Begin PBXFrameworksBuildPhase section */
		518D23A32A11893100550B4C /* Frameworks */ = {
			isa = PBXFrameworksBuildPhase;
			buildActionMask = 2147483647;
			files = (
			);
			runOnlyForDeploymentPostprocessing = 0;
		};
		518D23B32A11893200550B4C /* Frameworks */ = {
			isa = PBXFrameworksBuildPhase;
			buildActionMask = 2147483647;
			files = (
			);
			runOnlyForDeploymentPostprocessing = 0;
		};
/* End PBXFrameworksBuildPhase section */

/* Begin PBXGroup section */
		518D239D2A11893000550B4C = {
			isa = PBXGroup;
			children = (
				518D23A82A11893100550B4C /* StartWatchApp */,
				518D23BA2A11893200550B4C /* StartWatchApp Watch App */,
				518D23A72A11893100550B4C /* Products */,
			);
			sourceTree = "<group>";
		};
		518D23A72A11893100550B4C /* Products */ = {
			isa = PBXGroup;
			children = (
				518D23A62A11893100550B4C /* StartWatchApp.app */,
				518D23B62A11893200550B4C /* StartWatchApp Watch App.app */,
			);
			name = Products;
			sourceTree = "<group>";
		};
		518D23A82A11893100550B4C /* StartWatchApp */ = {
			isa = PBXGroup;
			children = (
				518D23CD2A118A5C00550B4C /* StartWatchApp.entitlements */,
				518D23A92A11893100550B4C /* StartWatchAppApp.swift */,
				518D23AB2A11893100550B4C /* ContentView.swift */,
				518D23AD2A11893200550B4C /* Assets.xcassets */,
				518D23AF2A11893200550B4C /* Preview Content */,
			);
			path = StartWatchApp;
			sourceTree = "<group>";
		};
		518D23AF2A11893200550B4C /* Preview Content */ = {
			isa = PBXGroup;
			children = (
				518D23B02A11893200550B4C /* Preview Assets.xcassets */,
			);
			path = "Preview Content";
			sourceTree = "<group>";
		};
		518D23BA2A11893200550B4C /* StartWatchApp Watch App */ = {
			isa = PBXGroup;
			children = (
				518D23CF2A118A6900550B4C /* StartWatchApp-Watch-App-Info.plist */,
				518D23CE2A118A6300550B4C /* StartWatchApp Watch App.entitlements */,
				518D23BB2A11893200550B4C /* StartWatchAppApp.swift */,
				518D23BD2A11893200550B4C /* ContentView.swift */,
				518D23BF2A11893400550B4C /* Assets.xcassets */,
				518D23C12A11893400550B4C /* Preview Content */,
			);
			path = "StartWatchApp Watch App";
			sourceTree = "<group>";
		};
		518D23C12A11893400550B4C /* Preview Content */ = {
			isa = PBXGroup;
			children = (
				518D23C22A11893400550B4C /* Preview Assets.xcassets */,
			);
			path = "Preview Content";
			sourceTree = "<group>";
		};
/* End PBXGroup section */

/* Begin PBXNativeTarget section */
		518D23A52A11893100550B4C /* StartWatchApp */ = {
			isa = PBXNativeTarget;
			buildConfigurationList = 518D23CA2A11893400550B4C /* Build configuration list for PBXNativeTarget "StartWatchApp" */;
			buildPhases = (
				518D23A22A11893100550B4C /* Sources */,
				518D23A32A11893100550B4C /* Frameworks */,
				518D23A42A11893100550B4C /* Resources */,
				518D23C92A11893400550B4C /* Embed Watch Content */,
			);
			buildRules = (
			);
			dependencies = (
				518D23B92A11893200550B4C /* PBXTargetDependency */,
			);
			name = StartWatchApp;
			productName = StartWatchApp;
			productReference = 518D23A62A11893100550B4C /* StartWatchApp.app */;
			productType = "com.apple.product-type.application";
		};
		518D23B52A11893200550B4C /* StartWatchApp Watch App */ = {
			isa = PBXNativeTarget;
			buildConfigurationList = 518D23C62A11893400550B4C /* Build configuration list for PBXNativeTarget "StartWatchApp Watch App" */;
			buildPhases = (
				518D23B22A11893200550B4C /* Sources */,
				518D23B32A11893200550B4C /* Frameworks */,
				518D23B42A11893200550B4C /* Resources */,
			);
			buildRules = (
			);
			dependencies = (
			);
			name = "StartWatchApp Watch App";
			productName = "StartWatchApp Watch App";
			productReference = 518D23B62A11893200550B4C /* StartWatchApp Watch App.app */;
			productType = "com.apple.product-type.application";
		};
/* End PBXNativeTarget section */

/* Begin PBXProject section */
		518D239E2A11893000550B4C /* Project object */ = {
			isa = PBXProject;
			attributes = {
				BuildIndependentTargetsInParallel = 1;
				LastSwiftUpdateCheck = 1430;
				LastUpgradeCheck = 1430;
				TargetAttributes = {
					518D23A52A11893100550B4C = {
						CreatedOnToolsVersion = 14.3;
					};
					518D23B52A11893200550B4C = {
						CreatedOnToolsVersion = 14.3;
					};
				};
			};
			buildConfigurationList = 518D23A12A11893000550B4C /* Build configuration list for PBXProject "StartWatchApp" */;
			compatibilityVersion = "Xcode 14.0";
			developmentRegion = en;
			hasScannedForEncodings = 0;
			knownRegions = (
				en,
				Base,
			);
			mainGroup = 518D239D2A11893000550B4C;
			productRefGroup = 518D23A72A11893100550B4C /* Products */;
			projectDirPath = "";
			projectRoot = "";
			targets = (
				518D23A52A11893100550B4C /* StartWatchApp */,
				518D23B52A11893200550B4C /* StartWatchApp Watch App */,
			);
		};
/* End PBXProject section */

/* Begin PBXResourcesBuildPhase section */
		518D23A42A11893100550B4C /* Resources */ = {
			isa = PBXResourcesBuildPhase;
			buildActionMask = 2147483647;
			files = (
				518D23B12A11893200550B4C /* Preview Assets.xcassets in Resources */,
				518D23AE2A11893200550B4C /* Assets.xcassets in Resources */,
			);
			runOnlyForDeploymentPostprocessing = 0;
		};
		518D23B42A11893200550B4C /* Resources */ = {
			isa = PBXResourcesBuildPhase;
			buildActionMask = 2147483647;
			files = (
				518D23C32A11893400550B4C /* Preview Assets.xcassets in Resources */,
				518D23C02A11893400550B4C /* Assets.xcassets in Resources */,
			);
			runOnlyForDeploymentPostprocessing = 0;
		};
/* End PBXResourcesBuildPhase section */

/* Begin PBXSourcesBuildPhase section */
		518D23A22A11893100550B4C /* Sources */ = {
			isa = PBXSourcesBuildPhase;
			buildActionMask = 2147483647;
			files = (
				518D23AC2A11893100550B4C /* ContentView.swift in Sources */,
				518D23AA2A11893100550B4C /* StartWatchAppApp.swift in Sources */,
			);
			runOnlyForDeploymentPostprocessing = 0;
		};
		518D23B22A11893200550B4C /* Sources */ = {
			isa = PBXSourcesBuildPhase;
			buildActionMask = 2147483647;
			files = (
				518D23BE2A11893200550B4C /* ContentView.swift in Sources */,
				518D23BC2A11893200550B4C /* StartWatchAppApp.swift in Sources */,
			);
			runOnlyForDeploymentPostprocessing = 0;
		};
/* End PBXSourcesBuildPhase section */

/* Begin PBXTargetDependency section */
		518D23B92A11893200550B4C /* PBXTargetDependency */ = {
			isa = PBXTargetDependency;
			target = 518D23B52A11893200550B4C /* StartWatchApp Watch App */;
			targetProxy = 518D23B82A11893200550B4C /* PBXContainerItemProxy */;
		};
/* End PBXTargetDependency section */

/* Begin XCBuildConfiguration section */
		518D23C42A11893400550B4C /* Debug */ = {
			isa = XCBuildConfiguration;
			buildSettings = {
				ALWAYS_SEARCH_USER_PATHS = NO;
				CLANG_ANALYZER_NONNULL = YES;
				CLANG_ANALYZER_NUMBER_OBJECT_CONVERSION = YES_AGGRESSIVE;
				CLANG_CXX_LANGUAGE_STANDARD = "gnu++20";
				CLANG_ENABLE_MODULES = YES;
				CLANG_ENABLE_OBJC_ARC = YES;
				CLANG_ENABLE_OBJC_WEAK = YES;
				CLANG_WARN_BLOCK_CAPTURE_AUTORELEASING = YES;
				CLANG_WARN_BOOL_CONVERSION = YES;
				CLANG_WARN_COMMA = YES;
				CLANG_WARN_CONSTANT_CONVERSION = YES;
				CLANG_WARN_DEPRECATED_OBJC_IMPLEMENTATIONS = YES;
				CLANG_WARN_DIRECT_OBJC_ISA_USAGE = YES_ERROR;
				CLANG_WARN_DOCUMENTATION_COMMENTS = YES;
				CLANG_WARN_EMPTY_BODY = YES;
				CLANG_WARN_ENUM_CONVERSION = YES;
				CLANG_WARN_INFINITE_RECURSION = YES;
				CLANG_WARN_INT_CONVERSION = YES;
				CLANG_WARN_NON_LITERAL_NULL_CONVERSION = YES;
				CLANG_WARN_OBJC_IMPLICIT_RETAIN_SELF = YES;
				CLANG_WARN_OBJC_LITERAL_CONVERSION = YES;
				CLANG_WARN_OBJC_ROOT_CLASS = YES_ERROR;
				CLANG_WARN_QUOTED_INCLUDE_IN_FRAMEWORK_HEADER = YES;
				CLANG_WARN_RANGE_LOOP_ANALYSIS = YES;
				CLANG_WARN_STRICT_PROTOTYPES = YES;
				CLANG_WARN_SUSPICIOUS_MOVE = YES;
				CLANG_WARN_UNGUARDED_AVAILABILITY = YES_AGGRESSIVE;
				CLANG_WARN_UNREACHABLE_CODE = YES;
				CLANG_WARN__DUPLICATE_METHOD_MATCH = YES;
				COPY_PHASE_STRIP = NO;
				DEBUG_INFORMATION_FORMAT = dwarf;
				ENABLE_STRICT_OBJC_MSGSEND = YES;
				ENABLE_TESTABILITY = YES;
				GCC_C_LANGUAGE_STANDARD = gnu11;
				GCC_DYNAMIC_NO_PIC = NO;
				GCC_NO_COMMON_BLOCKS = YES;
				GCC_OPTIMIZATION_LEVEL = 0;
				GCC_PREPROCESSOR_DEFINITIONS = (
					"DEBUG=1",
					"$(inherited)",
				);
				GCC_WARN_64_TO_32_BIT_CONVERSION = YES;
				GCC_WARN_ABOUT_RETURN_TYPE = YES_ERROR;
				GCC_WARN_UNDECLARED_SELECTOR = YES;
				GCC_WARN_UNINITIALIZED_AUTOS = YES_AGGRESSIVE;
				GCC_WARN_UNUSED_FUNCTION = YES;
				GCC_WARN_UNUSED_VARIABLE = YES;
				MTL_ENABLE_DEBUG_INFO = INCLUDE_SOURCE;
				MTL_FAST_MATH = YES;
				ONLY_ACTIVE_ARCH = YES;
				SWIFT_ACTIVE_COMPILATION_CONDITIONS = DEBUG;
				SWIFT_OPTIMIZATION_LEVEL = "-Onone";
			};
			name = Debug;
		};
		518D23C52A11893400550B4C /* Release */ = {
			isa = XCBuildConfiguration;
			buildSettings = {
				ALWAYS_SEARCH_USER_PATHS = NO;
				CLANG_ANALYZER_NONNULL = YES;
				CLANG_ANALYZER_NUMBER_OBJECT_CONVERSION = YES_AGGRESSIVE;
				CLANG_CXX_LANGUAGE_STANDARD = "gnu++20";
				CLANG_ENABLE_MODULES = YES;
				CLANG_ENABLE_OBJC_ARC = YES;
				CLANG_ENABLE_OBJC_WEAK = YES;
				CLANG_WARN_BLOCK_CAPTURE_AUTORELEASING = YES;
				CLANG_WARN_BOOL_CONVERSION = YES;
				CLANG_WARN_COMMA = YES;
				CLANG_WARN_CONSTANT_CONVERSION = YES;
				CLANG_WARN_DEPRECATED_OBJC_IMPLEMENTATIONS = YES;
				CLANG_WARN_DIRECT_OBJC_ISA_USAGE = YES_ERROR;
				CLANG_WARN_DOCUMENTATION_COMMENTS = YES;
				CLANG_WARN_EMPTY_BODY = YES;
				CLANG_WARN_ENUM_CONVERSION = YES;
				CLANG_WARN_INFINITE_RECURSION = YES;
				CLANG_WARN_INT_CONVERSION = YES;
				CLANG_WARN_NON_LITERAL_NULL_CONVERSION = YES;
				CLANG_WARN_OBJC_IMPLICIT_RETAIN_SELF = YES;
				CLANG_WARN_OBJC_LITERAL_CONVERSION = YES;
				CLANG_WARN_OBJC_ROOT_CLASS = YES_ERROR;
				CLANG_WARN_QUOTED_INCLUDE_IN_FRAMEWORK_HEADER = YES;
				CLANG_WARN_RANGE_LOOP_ANALYSIS = YES;
				CLANG_WARN_STRICT_PROTOTYPES = YES;
				CLANG_WARN_SUSPICIOUS_MOVE = YES;
				CLANG_WARN_UNGUARDED_AVAILABILITY = YES_AGGRESSIVE;
				CLANG_WARN_UNREACHABLE_CODE = YES;
				CLANG_WARN__DUPLICATE_METHOD_MATCH = YES;
				COPY_PHASE_STRIP = NO;
				DEBUG_INFORMATION_FORMAT = "dwarf-with-dsym";
				ENABLE_NS_ASSERTIONS = NO;
				ENABLE_STRICT_OBJC_MSGSEND = YES;
				GCC_C_LANGUAGE_STANDARD = gnu11;
				GCC_NO_COMMON_BLOCKS = YES;
				GCC_WARN_64_TO_32_BIT_CONVERSION = YES;
				GCC_WARN_ABOUT_RETURN_TYPE = YES_ERROR;
				GCC_WARN_UNDECLARED_SELECTOR = YES;
				GCC_WARN_UNINITIALIZED_AUTOS = YES_AGGRESSIVE;
				GCC_WARN_UNUSED_FUNCTION = YES;
				GCC_WARN_UNUSED_VARIABLE = YES;
				MTL_ENABLE_DEBUG_INFO = NO;
				MTL_FAST_MATH = YES;
				SWIFT_COMPILATION_MODE = wholemodule;
				SWIFT_OPTIMIZATION_LEVEL = "-O";
			};
			name = Release;
		};
		518D23C72A11893400550B4C /* Debug */ = {
			isa = XCBuildConfiguration;
			buildSettings = {
				ASSETCATALOG_COMPILER_APPICON_NAME = AppIcon;
				ASSETCATALOG_COMPILER_GLOBAL_ACCENT_COLOR_NAME = AccentColor;
				CODE_SIGN_ENTITLEMENTS = "StartWatchApp Watch App/StartWatchApp Watch App.entitlements";
				CODE_SIGN_STYLE = Automatic;
				CURRENT_PROJECT_VERSION = 1;
				DEVELOPMENT_ASSET_PATHS = "\"StartWatchApp Watch App/Preview Content\"";
				DEVELOPMENT_TEAM = R84X97ZA3G;
				ENABLE_PREVIEWS = YES;
				GENERATE_INFOPLIST_FILE = YES;
				INFOPLIST_FILE = "StartWatchApp-Watch-App-Info.plist";
				INFOPLIST_KEY_CFBundleDisplayName = StartWatchApp;
				INFOPLIST_KEY_UISupportedInterfaceOrientations = "UIInterfaceOrientationPortrait UIInterfaceOrientationPortraitUpsideDown";
				INFOPLIST_KEY_WKCompanionAppBundleIdentifier = com.gmail.salladzh.StartWatchApp;
				LD_RUNPATH_SEARCH_PATHS = (
					"$(inherited)",
					"@executable_path/Frameworks",
				);
				MARKETING_VERSION = 1.0;
				PRODUCT_BUNDLE_IDENTIFIER = com.gmail.salladzh.StartWatchApp.watchkitapp;
				PRODUCT_NAME = "$(TARGET_NAME)";
				SDKROOT = watchos;
				SKIP_INSTALL = YES;
				SWIFT_EMIT_LOC_STRINGS = YES;
				SWIFT_VERSION = 5.0;
				TARGETED_DEVICE_FAMILY = 4;
				WATCHOS_DEPLOYMENT_TARGET = 9.4;
			};
			name = Debug;
		};
		518D23C82A11893400550B4C /* Release */ = {
			isa = XCBuildConfiguration;
			buildSettings = {
				ASSETCATALOG_COMPILER_APPICON_NAME = AppIcon;
				ASSETCATALOG_COMPILER_GLOBAL_ACCENT_COLOR_NAME = AccentColor;
				CODE_SIGN_ENTITLEMENTS = "StartWatchApp Watch App/StartWatchApp Watch App.entitlements";
				CODE_SIGN_STYLE = Automatic;
				CURRENT_PROJECT_VERSION = 1;
				DEVELOPMENT_ASSET_PATHS = "\"StartWatchApp Watch App/Preview Content\"";
				DEVELOPMENT_TEAM = R84X97ZA3G;
				ENABLE_PREVIEWS = YES;
				GENERATE_INFOPLIST_FILE = YES;
				INFOPLIST_FILE = "StartWatchApp-Watch-App-Info.plist";
				INFOPLIST_KEY_CFBundleDisplayName = StartWatchApp;
				INFOPLIST_KEY_UISupportedInterfaceOrientations = "UIInterfaceOrientationPortrait UIInterfaceOrientationPortraitUpsideDown";
				INFOPLIST_KEY_WKCompanionAppBundleIdentifier = com.gmail.salladzh.StartWatchApp;
				LD_RUNPATH_SEARCH_PATHS = (
					"$(inherited)",
					"@executable_path/Frameworks",
				);
				MARKETING_VERSION = 1.0;
				PRODUCT_BUNDLE_IDENTIFIER = com.gmail.salladzh.StartWatchApp.watchkitapp;
				PRODUCT_NAME = "$(TARGET_NAME)";
				SDKROOT = watchos;
				SKIP_INSTALL = YES;
				SWIFT_EMIT_LOC_STRINGS = YES;
				SWIFT_VERSION = 5.0;
				TARGETED_DEVICE_FAMILY = 4;
				VALIDATE_PRODUCT = YES;
				WATCHOS_DEPLOYMENT_TARGET = 9.4;
			};
			name = Release;
		};
		518D23CB2A11893400550B4C /* Debug */ = {
			isa = XCBuildConfiguration;
			buildSettings = {
				ALWAYS_EMBED_SWIFT_STANDARD_LIBRARIES = YES;
				ASSETCATALOG_COMPILER_APPICON_NAME = AppIcon;
				ASSETCATALOG_COMPILER_GLOBAL_ACCENT_COLOR_NAME = AccentColor;
				CODE_SIGN_ENTITLEMENTS = StartWatchApp/StartWatchApp.entitlements;
				CODE_SIGN_STYLE = Automatic;
				CURRENT_PROJECT_VERSION = 1;
				DEVELOPMENT_ASSET_PATHS = "\"StartWatchApp/Preview Content\"";
				DEVELOPMENT_TEAM = R84X97ZA3G;
				ENABLE_PREVIEWS = YES;
				GENERATE_INFOPLIST_FILE = YES;
				INFOPLIST_KEY_CFBundleDisplayName = StartWatchApp;
				INFOPLIST_KEY_UIApplicationSceneManifest_Generation = YES;
				INFOPLIST_KEY_UIApplicationSupportsIndirectInputEvents = YES;
				INFOPLIST_KEY_UILaunchScreen_Generation = YES;
				INFOPLIST_KEY_UISupportedInterfaceOrientations_iPad = "UIInterfaceOrientationPortrait UIInterfaceOrientationPortraitUpsideDown UIInterfaceOrientationLandscapeLeft UIInterfaceOrientationLandscapeRight";
				INFOPLIST_KEY_UISupportedInterfaceOrientations_iPhone = "UIInterfaceOrientationPortrait UIInterfaceOrientationLandscapeLeft UIInterfaceOrientationLandscapeRight";
				IPHONEOS_DEPLOYMENT_TARGET = 16.4;
				LD_RUNPATH_SEARCH_PATHS = (
					"$(inherited)",
					"@executable_path/Frameworks",
				);
				MARKETING_VERSION = 1.0;
				PRODUCT_BUNDLE_IDENTIFIER = com.gmail.salladzh.StartWatchApp;
				PRODUCT_NAME = "$(TARGET_NAME)";
				SDKROOT = iphoneos;
				SWIFT_EMIT_LOC_STRINGS = YES;
				SWIFT_VERSION = 5.0;
				TARGETED_DEVICE_FAMILY = "1,2";
			};
			name = Debug;
		};
		518D23CC2A11893400550B4C /* Release */ = {
			isa = XCBuildConfiguration;
			buildSettings = {
				ALWAYS_EMBED_SWIFT_STANDARD_LIBRARIES = YES;
				ASSETCATALOG_COMPILER_APPICON_NAME = AppIcon;
				ASSETCATALOG_COMPILER_GLOBAL_ACCENT_COLOR_NAME = AccentColor;
				CODE_SIGN_ENTITLEMENTS = StartWatchApp/StartWatchApp.entitlements;
				CODE_SIGN_STYLE = Automatic;
				CURRENT_PROJECT_VERSION = 1;
				DEVELOPMENT_ASSET_PATHS = "\"StartWatchApp/Preview Content\"";
				DEVELOPMENT_TEAM = R84X97ZA3G;
				ENABLE_PREVIEWS = YES;
				GENERATE_INFOPLIST_FILE = YES;
				INFOPLIST_KEY_CFBundleDisplayName = StartWatchApp;
				INFOPLIST_KEY_UIApplicationSceneManifest_Generation = YES;
				INFOPLIST_KEY_UIApplicationSupportsIndirectInputEvents = YES;
				INFOPLIST_KEY_UILaunchScreen_Generation = YES;
				INFOPLIST_KEY_UISupportedInterfaceOrientations_iPad = "UIInterfaceOrientationPortrait UIInterfaceOrientationPortraitUpsideDown UIInterfaceOrientationLandscapeLeft UIInterfaceOrientationLandscapeRight";
				INFOPLIST_KEY_UISupportedInterfaceOrientations_iPhone = "UIInterfaceOrientationPortrait UIInterfaceOrientationLandscapeLeft UIInterfaceOrientationLandscapeRight";
				IPHONEOS_DEPLOYMENT_TARGET = 16.4;
				LD_RUNPATH_SEARCH_PATHS = (
					"$(inherited)",
					"@executable_path/Frameworks",
				);
				MARKETING_VERSION = 1.0;
				PRODUCT_BUNDLE_IDENTIFIER = com.gmail.salladzh.StartWatchApp;
				PRODUCT_NAME = "$(TARGET_NAME)";
				SDKROOT = iphoneos;
				SWIFT_EMIT_LOC_STRINGS = YES;
				SWIFT_VERSION = 5.0;
				TARGETED_DEVICE_FAMILY = "1,2";
				VALIDATE_PRODUCT = YES;
			};
			name = Release;
		};
/* End XCBuildConfiguration section */

/* Begin XCConfigurationList section */
		518D23A12A11893000550B4C /* Build configuration list for PBXProject "StartWatchApp" */ = {
			isa = XCConfigurationList;
			buildConfigurations = (
				518D23C42A11893400550B4C /* Debug */,
				518D23C52A11893400550B4C /* Release */,
			);
			defaultConfigurationIsVisible = 0;
			defaultConfigurationName = Release;
		};
		518D23C62A11893400550B4C /* Build configuration list for PBXNativeTarget "StartWatchApp Watch App" */ = {
			isa = XCConfigurationList;
			buildConfigurations = (
				518D23C72A11893400550B4C /* Debug */,
				518D23C82A11893400550B4C /* Release */,
			);
			defaultConfigurationIsVisible = 0;
			defaultConfigurationName = Release;
		};
		518D23CA2A11893400550B4C /* Build configuration list for PBXNativeTarget "StartWatchApp" */ = {
			isa = XCConfigurationList;
			buildConfigurations = (
				518D23CB2A11893400550B4C /* Debug */,
				518D23CC2A11893400550B4C /* Release */,
			);
			defaultConfigurationIsVisible = 0;
			defaultConfigurationName = Release;
		};
/* End XCConfigurationList section */
	};
	rootObject = 518D239E2A11893000550B4C /* Project object */;
}
